
Microsoft Visual Studio Solution File, Format Version 12.00
# Visual Studio Version 16
VisualStudioVersion = 16.0.30011.22
MinimumVisualStudioVersion = 10.0.40219.1
Project("{FAE04EC0-301F-11D3-BF4B-00C04F79EFBC}") = "MPNI", "MPNI\MPNI.csproj", "{AC76DC7B-DE43-4B02-91A7-43B92B26B44C}"
EndProject
Global
	GlobalSection(SolutionConfigurationPlatforms) = preSolution
		Debug|Any CPU = Debug|Any CPU
		Release|Any CPU = Release|Any CPU
	EndGlobalSection
	GlobalSection(ProjectConfigurationPlatforms) = postSolution
		{AC76DC7B-DE43-4B02-91A7-43B92B26B44C}.Debug|Any CPU.ActiveCfg = Debug|Any CPU
		{AC76DC7B-DE43-4B02-91A7-43B92B26B44C}.Debug|Any CPU.Build.0 = Debug|Any CPU
		{AC76DC7B-DE43-4B02-91A7-43B92B26B44C}.Release|Any CPU.ActiveCfg = Release|Any CPU
		{AC76DC7B-DE43-4B02-91A7-43B92B26B44C}.Release|Any CPU.Build.0 = Release|Any CPU
	EndGlobalSection
	GlobalSection(SolutionProperties) = preSolution
		HideSolutionNode = FALSE
	EndGlobalSection
	GlobalSection(ExtensibilityGlobals) = postSolution
		SolutionGuid = {FA4FBD2F-A9CA-4FD4-8A42-26839FAC2ABA}
	EndGlobalSection
EndGlobal
